{
  "version": 1,
  "root": "root",
  "packages": [
    {
      "id": "git:383a36ce72376853:200e23cf97285980b8f4876feafac7876794c68b",
      "name": "cooper",
      "git": "https://github.com/akonwi/cooper.git",
      "commit": "200e23cf97285980b8f4876feafac7876794c68b",
      "requested": "200e23cf97285980b8f4876feafac7876794c68b",
      "integrity": "sha256:018f5cb28b8927610ea55867f4fe00e8ee72f3a71b4deba352f129704360e14f"
    },
    {
      "id": "git:c5125d0dd6cd13cc:c590f42ec43c5d362844925a8a978d64a1846c5c",
      "name": "decode",
      "git": "https://github.com/akonwi/ard-decode.git",
      "commit": "c590f42ec43c5d362844925a8a978d64a1846c5c",
      "requested": "c590f42ec43c5d362844925a8a978d64a1846c5c",
      "integrity": "sha256:34ecc89cd4acaf0dc056d26f00ec7e570b294708e267f3b4042ab0f2d09fbbc1"
    },
    {
      "id": "root",
      "name": "tinear",
      "path": ".",
      "dependencies": {
        "cooper": "git:383a36ce72376853:200e23cf97285980b8f4876feafac7876794c68b",
        "decode": "git:c5125d0dd6cd13cc:c590f42ec43c5d362844925a8a978d64a1846c5c"
      }
    }
  ]
}
