{
  "version": 1,
  "root": "root",
  "packages": [
    {
      "id": "git:c5125d0dd6cd13cc:784403fe1f8b176786a13bcaabfeacffcf1b7c54",
      "name": "decode",
      "git": "https://github.com/akonwi/ard-decode.git",
      "commit": "784403fe1f8b176786a13bcaabfeacffcf1b7c54",
      "requested": "784403f",
      "integrity": "sha256:7967da1079305baa36fb0b1d85875da171d4789fc716e7444445bfeb8816c867"
    },
    {
      "id": "root",
      "name": "tinear",
      "path": ".",
      "dependencies": {
        "decode": "git:c5125d0dd6cd13cc:784403fe1f8b176786a13bcaabfeacffcf1b7c54"
      }
    }
  ]
}
