{
  "version": 1,
  "root": "root",
  "packages": [
    {
      "id": "git:383a36ce72376853:a5b891219a9af60722397ce9e4508ee6d1d2c4bb",
      "name": "cooper",
      "git": "https://github.com/akonwi/cooper.git",
      "commit": "a5b891219a9af60722397ce9e4508ee6d1d2c4bb",
      "requested": "a5b891219a9af60722397ce9e4508ee6d1d2c4bb",
      "integrity": "sha256:8df152af6555d0ae481c5079be76a9292c06a45c9f0294df35ce15ac36f2a502"
    },
    {
      "id": "git:c5125d0dd6cd13cc:c590f42ec43c5d362844925a8a978d64a1846c5c",
      "name": "decode",
      "git": "https://github.com/akonwi/ard-decode.git",
      "commit": "c590f42ec43c5d362844925a8a978d64a1846c5c",
      "requested": "c590f42ec43c5d362844925a8a978d64a1846c5c",
      "integrity": "sha256:34ecc89cd4acaf0dc056d26f00ec7e570b294708e267f3b4042ab0f2d09fbbc1"
    },
    {
      "id": "root",
      "name": "tinear",
      "path": ".",
      "dependencies": {
        "cooper": "git:383a36ce72376853:a5b891219a9af60722397ce9e4508ee6d1d2c4bb",
        "decode": "git:c5125d0dd6cd13cc:c590f42ec43c5d362844925a8a978d64a1846c5c"
      }
    }
  ]
}
