github.com/AnatoleLucet/tess v1.0.0-rc.2.0.20260826145955-c76872ba8463 h1:V/NReSOGznHTR9TKimtCJkgIhXPRpYdWzLZgshe6u+E=
github.com/AnatoleLucet/tess v1.0.0-rc.2.0.20260826145955-c76872ba8463/go.mod h1:HqZNGWSj4mPsukwZHs8RMyC2wpgOQ+ZAtr1B8IYxwUg=
github.com/davecgh/go-spew v1.1.1 h1:vj9j/u1bqnvCEfJOwUhtlOARqs3+rkHYY13jYWTU97c=
github.com/davecgh/go-spew v1.1.1/go.mod h1:J7Y8YcW2NihsgmVo/mv3lAwl/skON4iLHjSsI+c5H38=
github.com/pmezard/go-difflib v1.0.0 h1:4DBwDE0NGyQoBHbLQYPwSUPoCMWR5BEzIk/f1lZbAQM=
github.com/pmezard/go-difflib v1.0.0/go.mod h1:iKH77koFhYxTK1pcRnkKkqfTogsbg7gZNVY4sRDYZ/4=
github.com/rockorager/go-uucode v1.2.0 h1:xwUIndxE+z1PIrWALT7unu4L8x27qMsC/5X3aonJo6o=
github.com/rockorager/go-uucode v1.2.0/go.mod h1:0BZXIGRvWIHt1ruBeViNGcuKyQ3+BRHQbgyXkqRCz38=
github.com/stretchr/testify v1.11.1 h1:7s2iGBzp5EwR7/aIZr8ao5+dra3wiQyKjjFuvgVKu7U=
github.com/stretchr/testify v1.11.1/go.mod h1:wZwfW3scLgRK+23gO65QZefKpKQRnfz6sD981Nm4B6U=
go.rockorager.dev/vaxis v0.17.2-0.20260811162040-8a93a9a0e2e7 h1:J/bT1/gBMYl+g+U3O84/Bt1PjGgeeTp0BqcMWRy4GbE=
go.rockorager.dev/vaxis v0.17.2-0.20260811162040-8a93a9a0e2e7/go.mod h1:5VpvRiT7INHD7fpN3G/z6c7A/tGwcIMaSyHdUwphKbI=
golang.org/x/sys v0.10.0 h1:SqMFp9UcQJZa+pmYuAKjd9xq1f0j5rLcDIk0mj4qAsA=
golang.org/x/sys v0.10.0/go.mod h1:oPkhp1MJrh7nUepCBck5+mAzfO9JrbApNNgaTdGDITg=
golang.org/x/term v0.10.0 h1:3R7pNqamzBraeqj/Tj8qt1aQ2HpmlC+Cx/qL/7hn4/c=
golang.org/x/term v0.10.0/go.mod h1:lpqdcUyK/oCiQxvxVrppt5ggO2KCZ5QblwqPnfZ6d5o=
gopkg.in/yaml.v3 v3.0.1 h1:fxVm/GzAzEWqLHuvctI91KS9hhNmmWOoWu0XTYJS7CA=
gopkg.in/yaml.v3 v3.0.1/go.mod h1:K4uyk7z7BCEPqu6E+C64Yfv1cQ7kz7rIZviUmN+EgEM=
